
Microsoft Visual Studio Solution File, Format Version 12.00
# Visual Studio 15
VisualStudioVersion = 15.0.28307.136
MinimumVisualStudioVersion = 10.0.40219.1
Project("{FAE04EC0-301F-11D3-BF4B-00C04F79EFBC}") = "Proyecto2_Diplomado_Web_MVC_UASD_Club", "Proyecto2_Diplomado_Web_MVC_UASD_Club\Proyecto2_Diplomado_Web_MVC_UASD_Club.csproj", "{05FDF2EA-E552-4E6D-B9EF-41667FBCD758}"
EndProject
Global
	GlobalSection(SolutionConfigurationPlatforms) = preSolution
		Debug|Any CPU = Debug|Any CPU
		Release|Any CPU = Release|Any CPU
	EndGlobalSection
	GlobalSection(ProjectConfigurationPlatforms) = postSolution
		{05FDF2EA-E552-4E6D-B9EF-41667FBCD758}.Debug|Any CPU.ActiveCfg = Debug|Any CPU
		{05FDF2EA-E552-4E6D-B9EF-41667FBCD758}.Debug|Any CPU.Build.0 = Debug|Any CPU
		{05FDF2EA-E552-4E6D-B9EF-41667FBCD758}.Release|Any CPU.ActiveCfg = Release|Any CPU
		{05FDF2EA-E552-4E6D-B9EF-41667FBCD758}.Release|Any CPU.Build.0 = Release|Any CPU
	EndGlobalSection
	GlobalSection(SolutionProperties) = preSolution
		HideSolutionNode = FALSE
	EndGlobalSection
	GlobalSection(ExtensibilityGlobals) = postSolution
		SolutionGuid = {B4A49F89-7E6D-4524-85EB-C57E04177116}
	EndGlobalSection
EndGlobal
